
Microsoft Visual Studio Solution File, Format Version 12.00
# Visual Studio 15
Project("{FAE04EC0-301F-11D3-BF4B-00C04F79EFBC}") = "Assembly-CSharp", "Assembly-CSharp.csproj", "{6622A356-75C8-71B2-F810-E2805DA6CBBE}"
EndProject
Project("{FAE04EC0-301F-11D3-BF4B-00C04F79EFBC}") = "Assembly-CSharp-Editor", "Assembly-CSharp-Editor.csproj", "{8D148D5E-1339-FCF9-E07C-503471C78957}"
EndProject
Global
	GlobalSection(SolutionConfigurationPlatforms) = preSolution
		Debug|Any CPU = Debug|Any CPU
		Release|Any CPU = Release|Any CPU
	EndGlobalSection
	GlobalSection(ProjectConfigurationPlatforms) = postSolution
		{6622A356-75C8-71B2-F810-E2805DA6CBBE}.Debug|Any CPU.ActiveCfg = Debug|Any CPU
		{6622A356-75C8-71B2-F810-E2805DA6CBBE}.Debug|Any CPU.Build.0 = Debug|Any CPU
		{6622A356-75C8-71B2-F810-E2805DA6CBBE}.Release|Any CPU.ActiveCfg = Release|Any CPU
		{6622A356-75C8-71B2-F810-E2805DA6CBBE}.Release|Any CPU.Build.0 = Release|Any CPU
		{8D148D5E-1339-FCF9-E07C-503471C78957}.Debug|Any CPU.ActiveCfg = Debug|Any CPU
		{8D148D5E-1339-FCF9-E07C-503471C78957}.Debug|Any CPU.Build.0 = Debug|Any CPU
		{8D148D5E-1339-FCF9-E07C-503471C78957}.Release|Any CPU.ActiveCfg = Release|Any CPU
		{8D148D5E-1339-FCF9-E07C-503471C78957}.Release|Any CPU.Build.0 = Release|Any CPU
	EndGlobalSection
	GlobalSection(SolutionProperties) = preSolution
		HideSolutionNode = FALSE
	EndGlobalSection
EndGlobal
